// !$*UTF8*$!
{
	archiveVersion = 1;
	classes = {
	};
	objectVersion = 46;
	objects = {

/* Begin PBXBuildFile section */
		00AD392C84F8400AF7016238 /* Pods_collection_view_layouts_Example.framework in Frameworks */ = {isa = PBXBuildFile; fileRef = 7964F8652DF59DBBF84BDE40 /* Pods_collection_view_layouts_Example.framework */; };
		607FACD61AFB9204008FA782 /* AppDelegate.swift in Sources */ = {isa = PBXBuildFile; fileRef = 607FACD51AFB9204008FA782 /* AppDelegate.swift */; };
		607FACDB1AFB9204008FA782 /* Main.storyboard in Resources */ = {isa = PBXBuildFile; fileRef = 607FACD91AFB9204008FA782 /* Main.storyboard */; };
		607FACDD1AFB9204008FA782 /* Images.xcassets in Resources */ = {isa = PBXBuildFile; fileRef = 607FACDC1AFB9204008FA782 /* Images.xcassets */; };
		607FACE01AFB9204008FA782 /* LaunchScreen.xib in Resources */ = {isa = PBXBuildFile; fileRef = 607FACDE1AFB9204008FA782 /* LaunchScreen.xib */; };
		8C64D32B20723B6F0049AD45 /* ViewController.swift in Sources */ = {isa = PBXBuildFile; fileRef = 8C64D31E20723B6F0049AD45 /* ViewController.swift */; };
		8C64D32C20723B6F0049AD45 /* ContentDataSource.swift in Sources */ = {isa = PBXBuildFile; fileRef = 8C64D32020723B6F0049AD45 /* ContentDataSource.swift */; };
		8C64D32D20723B6F0049AD45 /* CellSizeProvider.swift in Sources */ = {isa = PBXBuildFile; fileRef = 8C64D32120723B6F0049AD45 /* CellSizeProvider.swift */; };
		8C64D32E20723B6F0049AD45 /* ContentCell.swift in Sources */ = {isa = PBXBuildFile; fileRef = 8C64D32220723B6F0049AD45 /* ContentCell.swift */; };
		8C64D32F20723B6F0049AD45 /* ContentProvider.swift in Sources */ = {isa = PBXBuildFile; fileRef = 8C64D32320723B6F0049AD45 /* ContentProvider.swift */; };
		8C64D33020723B6F0049AD45 /* PickerDataSource.swift in Sources */ = {isa = PBXBuildFile; fileRef = 8C64D32520723B6F0049AD45 /* PickerDataSource.swift */; };
		8C64D33120723B6F0049AD45 /* PickerDelegate.swift in Sources */ = {isa = PBXBuildFile; fileRef = 8C64D32620723B6F0049AD45 /* PickerDelegate.swift */; };
		8C64D33220723B6F0049AD45 /* FlowLayoutTypes.swift in Sources */ = {isa = PBXBuildFile; fileRef = 8C64D32720723B6F0049AD45 /* FlowLayoutTypes.swift */; };
		8C64D33320723B6F0049AD45 /* Font.swift in Sources */ = {isa = PBXBuildFile; fileRef = 8C64D32920723B6F0049AD45 /* Font.swift */; };
		8C64D33420723B6F0049AD45 /* Color.swift in Sources */ = {isa = PBXBuildFile; fileRef = 8C64D32A20723B6F0049AD45 /* Color.swift */; };
		8C64D34920723D610049AD45 /* PinterestStyleFlowLayoutSpec.swift in Sources */ = {isa = PBXBuildFile; fileRef = 8C64D33820723D610049AD45 /* PinterestStyleFlowLayoutSpec.swift */; };
		8C64D34A20723D610049AD45 /* PinterestFourElementsDelegateMock.swift in Sources */ = {isa = PBXBuildFile; fileRef = 8C64D33920723D610049AD45 /* PinterestFourElementsDelegateMock.swift */; };
		8C64D34B20723D610049AD45 /* PinterestFlowDelegate.swift in Sources */ = {isa = PBXBuildFile; fileRef = 8C64D33A20723D610049AD45 /* PinterestFlowDelegate.swift */; };
		8C64D34C20723D610049AD45 /* ContentDynamicLayoutSpec.swift in Sources */ = {isa = PBXBuildFile; fileRef = 8C64D33B20723D610049AD45 /* ContentDynamicLayoutSpec.swift */; };
		8C64D34D20723D610049AD45 /* 500pxFiveElementsDelegateMock.swift in Sources */ = {isa = PBXBuildFile; fileRef = 8C64D33D20723D610049AD45 /* 500pxFiveElementsDelegateMock.swift */; };
		8C64D34E20723D610049AD45 /* 500pxLastPortraitDelegateMock.swift in Sources */ = {isa = PBXBuildFile; fileRef = 8C64D33E20723D610049AD45 /* 500pxLastPortraitDelegateMock.swift */; };
		8C64D34F20723D610049AD45 /* 500pxStyleDelegateMock.swift in Sources */ = {isa = PBXBuildFile; fileRef = 8C64D33F20723D610049AD45 /* 500pxStyleDelegateMock.swift */; };
		8C64D35020723D610049AD45 /* 500pxStyleFlowLayoutSpec.swift in Sources */ = {isa = PBXBuildFile; fileRef = 8C64D34020723D610049AD45 /* 500pxStyleFlowLayoutSpec.swift */; };
		8C64D35120723D610049AD45 /* 500pxCentralPortraitDelegateMock.swift in Sources */ = {isa = PBXBuildFile; fileRef = 8C64D34120723D610049AD45 /* 500pxCentralPortraitDelegateMock.swift */; };
		8C64D35220723D610049AD45 /* InstagramStyleLayoutSpec.swift in Sources */ = {isa = PBXBuildFile; fileRef = 8C64D34320723D610049AD45 /* InstagramStyleLayoutSpec.swift */; };
		8C64D35320723D610049AD45 /* InstagramStyleBaseDelegateMock.swift in Sources */ = {isa = PBXBuildFile; fileRef = 8C64D34420723D610049AD45 /* InstagramStyleBaseDelegateMock.swift */; };
		8C64D35420723D610049AD45 /* MatcherExtension.swift in Sources */ = {isa = PBXBuildFile; fileRef = 8C64D34520723D610049AD45 /* MatcherExtension.swift */; };
		8C64D35520723D610049AD45 /* TagsFlowDelegate.swift in Sources */ = {isa = PBXBuildFile; fileRef = 8C64D34720723D610049AD45 /* TagsFlowDelegate.swift */; };
		8C64D35620723D610049AD45 /* TagsStyleFlowLayoutSpec.swift in Sources */ = {isa = PBXBuildFile; fileRef = 8C64D34820723D610049AD45 /* TagsStyleFlowLayoutSpec.swift */; };
		8C64D35720723DC80049AD45 /* CellSizeProvider.swift in Sources */ = {isa = PBXBuildFile; fileRef = 8C64D32120723B6F0049AD45 /* CellSizeProvider.swift */; };
		8C64D35820723DD20049AD45 /* ContentDataSource.swift in Sources */ = {isa = PBXBuildFile; fileRef = 8C64D32020723B6F0049AD45 /* ContentDataSource.swift */; };
		8C64D35920723DE60049AD45 /* FlowLayoutTypes.swift in Sources */ = {isa = PBXBuildFile; fileRef = 8C64D32720723B6F0049AD45 /* FlowLayoutTypes.swift */; };
		8C64D35A20723DF60049AD45 /* ContentCell.swift in Sources */ = {isa = PBXBuildFile; fileRef = 8C64D32220723B6F0049AD45 /* ContentCell.swift */; };
		8C64D35B20723E090049AD45 /* Font.swift in Sources */ = {isa = PBXBuildFile; fileRef = 8C64D32920723B6F0049AD45 /* Font.swift */; };
		8C64D35C20723E170049AD45 /* Color.swift in Sources */ = {isa = PBXBuildFile; fileRef = 8C64D32A20723B6F0049AD45 /* Color.swift */; };
		A73B83C2F880BCBF26761C25 /* Pods_collection_view_layouts_Tests.framework in Frameworks */ = {isa = PBXBuildFile; fileRef = 173055EDF02337440A240B65 /* Pods_collection_view_layouts_Tests.framework */; };
/* End PBXBuildFile section */

/* Begin PBXContainerItemProxy section */
		607FACE61AFB9204008FA782 /* PBXContainerItemProxy */ = {
			isa = PBXContainerItemProxy;
			containerPortal = 607FACC81AFB9204008FA782 /* Project object */;
			proxyType = 1;
			remoteGlobalIDString = 607FACCF1AFB9204008FA782;
			remoteInfo = "collection-view-layouts";
		};
/* End PBXContainerItemProxy section */

/* Begin PBXFileReference section */
		173055EDF02337440A240B65 /* Pods_collection_view_layouts_Tests.framework */ = {isa = PBXFileReference; explicitFileType = wrapper.framework; includeInIndex = 0; path = Pods_collection_view_layouts_Tests.framework; sourceTree = BUILT_PRODUCTS_DIR; };
		2590D01A5FC7198447B9AE48 /* Pods-collection-view-layouts_Tests.release.xcconfig */ = {isa = PBXFileReference; includeInIndex = 1; lastKnownFileType = text.xcconfig; name = "Pods-collection-view-layouts_Tests.release.xcconfig"; path = "Pods/Target Support Files/Pods-collection-view-layouts_Tests/Pods-collection-view-layouts_Tests.release.xcconfig"; sourceTree = "<group>"; };
		5194DE7274F0BB97C38DF844 /* README.md */ = {isa = PBXFileReference; includeInIndex = 1; lastKnownFileType = net.daringfireball.markdown; name = README.md; path = ../README.md; sourceTree = "<group>"; };
		607FACD01AFB9204008FA782 /* collection-view-layouts_Example.app */ = {isa = PBXFileReference; explicitFileType = wrapper.application; includeInIndex = 0; path = "collection-view-layouts_Example.app"; sourceTree = BUILT_PRODUCTS_DIR; };
		607FACD41AFB9204008FA782 /* Info.plist */ = {isa = PBXFileReference; lastKnownFileType = text.plist.xml; path = Info.plist; sourceTree = "<group>"; };
		607FACD51AFB9204008FA782 /* AppDelegate.swift */ = {isa = PBXFileReference; lastKnownFileType = sourcecode.swift; path = AppDelegate.swift; sourceTree = "<group>"; };
		607FACDA1AFB9204008FA782 /* Base */ = {isa = PBXFileReference; lastKnownFileType = file.storyboard; name = Base; path = Base.lproj/Main.storyboard; sourceTree = "<group>"; };
		607FACDC1AFB9204008FA782 /* Images.xcassets */ = {isa = PBXFileReference; lastKnownFileType = folder.assetcatalog; path = Images.xcassets; sourceTree = "<group>"; };
		607FACDF1AFB9204008FA782 /* Base */ = {isa = PBXFileReference; lastKnownFileType = file.xib; name = Base; path = Base.lproj/LaunchScreen.xib; sourceTree = "<group>"; };
		607FACE51AFB9204008FA782 /* collection-view-layouts_Tests.xctest */ = {isa = PBXFileReference; explicitFileType = wrapper.cfbundle; includeInIndex = 0; path = "collection-view-layouts_Tests.xctest"; sourceTree = BUILT_PRODUCTS_DIR; };
		607FACEA1AFB9204008FA782 /* Info.plist */ = {isa = PBXFileReference; lastKnownFileType = text.plist.xml; path = Info.plist; sourceTree = "<group>"; };
		7964F8652DF59DBBF84BDE40 /* Pods_collection_view_layouts_Example.framework */ = {isa = PBXFileReference; explicitFileType = wrapper.framework; includeInIndex = 0; path = Pods_collection_view_layouts_Example.framework; sourceTree = BUILT_PRODUCTS_DIR; };
		89347EB3B533E9A328B6C581 /* LICENSE */ = {isa = PBXFileReference; includeInIndex = 1; lastKnownFileType = text; name = LICENSE; path = ../LICENSE; sourceTree = "<group>"; };
		8C64D31E20723B6F0049AD45 /* ViewController.swift */ = {isa = PBXFileReference; fileEncoding = 4; lastKnownFileType = sourcecode.swift; path = ViewController.swift; sourceTree = "<group>"; };
		8C64D32020723B6F0049AD45 /* ContentDataSource.swift */ = {isa = PBXFileReference; fileEncoding = 4; lastKnownFileType = sourcecode.swift; path = ContentDataSource.swift; sourceTree = "<group>"; };
		8C64D32120723B6F0049AD45 /* CellSizeProvider.swift */ = {isa = PBXFileReference; fileEncoding = 4; lastKnownFileType = sourcecode.swift; path = CellSizeProvider.swift; sourceTree = "<group>"; };
		8C64D32220723B6F0049AD45 /* ContentCell.swift */ = {isa = PBXFileReference; fileEncoding = 4; lastKnownFileType = sourcecode.swift; path = ContentCell.swift; sourceTree = "<group>"; };
		8C64D32320723B6F0049AD45 /* ContentProvider.swift */ = {isa = PBXFileReference; fileEncoding = 4; lastKnownFileType = sourcecode.swift; path = ContentProvider.swift; sourceTree = "<group>"; };
		8C64D32520723B6F0049AD45 /* PickerDataSource.swift */ = {isa = PBXFileReference; fileEncoding = 4; lastKnownFileType = sourcecode.swift; path = PickerDataSource.swift; sourceTree = "<group>"; };
		8C64D32620723B6F0049AD45 /* PickerDelegate.swift */ = {isa = PBXFileReference; fileEncoding = 4; lastKnownFileType = sourcecode.swift; path = PickerDelegate.swift; sourceTree = "<group>"; };
		8C64D32720723B6F0049AD45 /* FlowLayoutTypes.swift */ = {isa = PBXFileReference; fileEncoding = 4; lastKnownFileType = sourcecode.swift; path = FlowLayoutTypes.swift; sourceTree = "<group>"; };
		8C64D32920723B6F0049AD45 /* Font.swift */ = {isa = PBXFileReference; fileEncoding = 4; lastKnownFileType = sourcecode.swift; path = Font.swift; sourceTree = "<group>"; };
		8C64D32A20723B6F0049AD45 /* Color.swift */ = {isa = PBXFileReference; fileEncoding = 4; lastKnownFileType = sourcecode.swift; path = Color.swift; sourceTree = "<group>"; };
		8C64D33820723D610049AD45 /* PinterestStyleFlowLayoutSpec.swift */ = {isa = PBXFileReference; fileEncoding = 4; lastKnownFileType = sourcecode.swift; path = PinterestStyleFlowLayoutSpec.swift; sourceTree = "<group>"; };
		8C64D33920723D610049AD45 /* PinterestFourElementsDelegateMock.swift */ = {isa = PBXFileReference; fileEncoding = 4; lastKnownFileType = sourcecode.swift; path = PinterestFourElementsDelegateMock.swift; sourceTree = "<group>"; };
		8C64D33A20723D610049AD45 /* PinterestFlowDelegate.swift */ = {isa = PBXFileReference; fileEncoding = 4; lastKnownFileType = sourcecode.swift; path = PinterestFlowDelegate.swift; sourceTree = "<group>"; };
		8C64D33B20723D610049AD45 /* ContentDynamicLayoutSpec.swift */ = {isa = PBXFileReference; fileEncoding = 4; lastKnownFileType = sourcecode.swift; path = ContentDynamicLayoutSpec.swift; sourceTree = "<group>"; };
		8C64D33D20723D610049AD45 /* 500pxFiveElementsDelegateMock.swift */ = {isa = PBXFileReference; fileEncoding = 4; lastKnownFileType = sourcecode.swift; path = 500pxFiveElementsDelegateMock.swift; sourceTree = "<group>"; };
		8C64D33E20723D610049AD45 /* 500pxLastPortraitDelegateMock.swift */ = {isa = PBXFileReference; fileEncoding = 4; lastKnownFileType = sourcecode.swift; path = 500pxLastPortraitDelegateMock.swift; sourceTree = "<group>"; };
		8C64D33F20723D610049AD45 /* 500pxStyleDelegateMock.swift */ = {isa = PBXFileReference; fileEncoding = 4; lastKnownFileType = sourcecode.swift; path = 500pxStyleDelegateMock.swift; sourceTree = "<group>"; };
		8C64D34020723D610049AD45 /* 500pxStyleFlowLayoutSpec.swift */ = {isa = PBXFileReference; fileEncoding = 4; lastKnownFileType = sourcecode.swift; path = 500pxStyleFlowLayoutSpec.swift; sourceTree = "<group>"; };
		8C64D34120723D610049AD45 /* 500pxCentralPortraitDelegateMock.swift */ = {isa = PBXFileReference; fileEncoding = 4; lastKnownFileType = sourcecode.swift; path = 500pxCentralPortraitDelegateMock.swift; sourceTree = "<group>"; };
		8C64D34320723D610049AD45 /* InstagramStyleLayoutSpec.swift */ = {isa = PBXFileReference; fileEncoding = 4; lastKnownFileType = sourcecode.swift; path = InstagramStyleLayoutSpec.swift; sourceTree = "<group>"; };
		8C64D34420723D610049AD45 /* InstagramStyleBaseDelegateMock.swift */ = {isa = PBXFileReference; fileEncoding = 4; lastKnownFileType = sourcecode.swift; path = InstagramStyleBaseDelegateMock.swift; sourceTree = "<group>"; };
		8C64D34520723D610049AD45 /* MatcherExtension.swift */ = {isa = PBXFileReference; fileEncoding = 4; lastKnownFileType = sourcecode.swift; path = MatcherExtension.swift; sourceTree = "<group>"; };
		8C64D34720723D610049AD45 /* TagsFlowDelegate.swift */ = {isa = PBXFileReference; fileEncoding = 4; lastKnownFileType = sourcecode.swift; path = TagsFlowDelegate.swift; sourceTree = "<group>"; };
		8C64D34820723D610049AD45 /* TagsStyleFlowLayoutSpec.swift */ = {isa = PBXFileReference; fileEncoding = 4; lastKnownFileType = sourcecode.swift; path = TagsStyleFlowLayoutSpec.swift; sourceTree = "<group>"; };
		9570D9509D87B8988F8D989D /* collection-view-layouts.podspec */ = {isa = PBXFileReference; includeInIndex = 1; lastKnownFileType = text; name = "collection-view-layouts.podspec"; path = "../collection-view-layouts.podspec"; sourceTree = "<group>"; };
		9FD2DBD7F5118000B5A3F862 /* Pods-collection-view-layouts_Example.debug.xcconfig */ = {isa = PBXFileReference; includeInIndex = 1; lastKnownFileType = text.xcconfig; name = "Pods-collection-view-layouts_Example.debug.xcconfig"; path = "Pods/Target Support Files/Pods-collection-view-layouts_Example/Pods-collection-view-layouts_Example.debug.xcconfig"; sourceTree = "<group>"; };
		A86FAB7C4186882E81D7004E /* Pods-collection-view-layouts_Example.release.xcconfig */ = {isa = PBXFileReference; includeInIndex = 1; lastKnownFileType = text.xcconfig; name = "Pods-collection-view-layouts_Example.release.xcconfig"; path = "Pods/Target Support Files/Pods-collection-view-layouts_Example/Pods-collection-view-layouts_Example.release.xcconfig"; sourceTree = "<group>"; };
		E7758B05D5F8B789E355F596 /* Pods-collection-view-layouts_Tests.debug.xcconfig */ = {isa = PBXFileReference; includeInIndex = 1; lastKnownFileType = text.xcconfig; name = "Pods-collection-view-layouts_Tests.debug.xcconfig"; path = "Pods/Target Support Files/Pods-collection-view-layouts_Tests/Pods-collection-view-layouts_Tests.debug.xcconfig"; sourceTree = "<group>"; };
/* End PBXFileReference section */

/* Begin PBXFrameworksBuildPhase section */
		607FACCD1AFB9204008FA782 /* Frameworks */ = {
			isa = PBXFrameworksBuildPhase;
			buildActionMask = 2147483647;
			files = (
				00AD392C84F8400AF7016238 /* Pods_collection_view_layouts_Example.framework in Frameworks */,
			);
			runOnlyForDeploymentPostprocessing = 0;
		};
		607FACE21AFB9204008FA782 /* Frameworks */ = {
			isa = PBXFrameworksBuildPhase;
			buildActionMask = 2147483647;
			files = (
				A73B83C2F880BCBF26761C25 /* Pods_collection_view_layouts_Tests.framework in Frameworks */,
			);
			runOnlyForDeploymentPostprocessing = 0;
		};
/* End PBXFrameworksBuildPhase section */

/* Begin PBXGroup section */
		607FACC71AFB9204008FA782 = {
			isa = PBXGroup;
			children = (
				607FACF51AFB993E008FA782 /* Podspec Metadata */,
				607FACD21AFB9204008FA782 /* Example for collection-view-layouts */,
				607FACE81AFB9204008FA782 /* Tests */,
				607FACD11AFB9204008FA782 /* Products */,
				648782E5D14F359323E33B1C /* Pods */,
				64DD3A206E1B30CE171E4CE4 /* Frameworks */,
			);
			sourceTree = "<group>";
		};
		607FACD11AFB9204008FA782 /* Products */ = {
			isa = PBXGroup;
			children = (
				607FACD01AFB9204008FA782 /* collection-view-layouts_Example.app */,
				607FACE51AFB9204008FA782 /* collection-view-layouts_Tests.xctest */,
			);
			name = Products;
			sourceTree = "<group>";
		};
		607FACD21AFB9204008FA782 /* Example for collection-view-layouts */ = {
			isa = PBXGroup;
			children = (
				607FACD51AFB9204008FA782 /* AppDelegate.swift */,
				8C64D32820723B6F0049AD45 /* Extensions */,
				8C64D31D20723B6F0049AD45 /* ViewControllers */,
				607FACD91AFB9204008FA782 /* Main.storyboard */,
				607FACDC1AFB9204008FA782 /* Images.xcassets */,
				607FACDE1AFB9204008FA782 /* LaunchScreen.xib */,
				607FACD31AFB9204008FA782 /* Supporting Files */,
			);
			name = "Example for collection-view-layouts";
			path = "collection-view-layouts";
			sourceTree = "<group>";
		};
		607FACD31AFB9204008FA782 /* Supporting Files */ = {
			isa = PBXGroup;
			children = (
				607FACD41AFB9204008FA782 /* Info.plist */,
			);
			name = "Supporting Files";
			sourceTree = "<group>";
		};
		607FACE81AFB9204008FA782 /* Tests */ = {
			isa = PBXGroup;
			children = (
				8C64D34520723D610049AD45 /* MatcherExtension.swift */,
				8C64D33B20723D610049AD45 /* ContentDynamicLayoutSpec.swift */,
				8C64D33C20723D610049AD45 /* 500px */,
				8C64D34220723D610049AD45 /* InstagramLayout */,
				8C64D33720723D610049AD45 /* PinterestLayout */,
				8C64D34620723D610049AD45 /* TagsLayout */,
				607FACE91AFB9204008FA782 /* Supporting Files */,
			);
			path = Tests;
			sourceTree = "<group>";
		};
		607FACE91AFB9204008FA782 /* Supporting Files */ = {
			isa = PBXGroup;
			children = (
				607FACEA1AFB9204008FA782 /* Info.plist */,
			);
			name = "Supporting Files";
			sourceTree = "<group>";
		};
		607FACF51AFB993E008FA782 /* Podspec Metadata */ = {
			isa = PBXGroup;
			children = (
				9570D9509D87B8988F8D989D /* collection-view-layouts.podspec */,
				5194DE7274F0BB97C38DF844 /* README.md */,
				89347EB3B533E9A328B6C581 /* LICENSE */,
			);
			name = "Podspec Metadata";
			sourceTree = "<group>";
		};
		648782E5D14F359323E33B1C /* Pods */ = {
			isa = PBXGroup;
			children = (
				9FD2DBD7F5118000B5A3F862 /* Pods-collection-view-layouts_Example.debug.xcconfig */,
				A86FAB7C4186882E81D7004E /* Pods-collection-view-layouts_Example.release.xcconfig */,
				E7758B05D5F8B789E355F596 /* Pods-collection-view-layouts_Tests.debug.xcconfig */,
				2590D01A5FC7198447B9AE48 /* Pods-collection-view-layouts_Tests.release.xcconfig */,
			);
			name = Pods;
			sourceTree = "<group>";
		};
		64DD3A206E1B30CE171E4CE4 /* Frameworks */ = {
			isa = PBXGroup;
			children = (
				7964F8652DF59DBBF84BDE40 /* Pods_collection_view_layouts_Example.framework */,
				173055EDF02337440A240B65 /* Pods_collection_view_layouts_Tests.framework */,
			);
			name = Frameworks;
			sourceTree = "<group>";
		};
		8C64D31D20723B6F0049AD45 /* ViewControllers */ = {
			isa = PBXGroup;
			children = (
				8C64D31E20723B6F0049AD45 /* ViewController.swift */,
				8C64D31F20723B6F0049AD45 /* CollectionView */,
				8C64D32420723B6F0049AD45 /* DataPicker */,
				8C64D32720723B6F0049AD45 /* FlowLayoutTypes.swift */,
			);
			path = ViewControllers;
			sourceTree = "<group>";
		};
		8C64D31F20723B6F0049AD45 /* CollectionView */ = {
			isa = PBXGroup;
			children = (
				8C64D32020723B6F0049AD45 /* ContentDataSource.swift */,
				8C64D32120723B6F0049AD45 /* CellSizeProvider.swift */,
				8C64D32220723B6F0049AD45 /* ContentCell.swift */,
				8C64D32320723B6F0049AD45 /* ContentProvider.swift */,
			);
			path = CollectionView;
			sourceTree = "<group>";
		};
		8C64D32420723B6F0049AD45 /* DataPicker */ = {
			isa = PBXGroup;
			children = (
				8C64D32520723B6F0049AD45 /* PickerDataSource.swift */,
				8C64D32620723B6F0049AD45 /* PickerDelegate.swift */,
			);
			path = DataPicker;
			sourceTree = "<group>";
		};
		8C64D32820723B6F0049AD45 /* Extensions */ = {
			isa = PBXGroup;
			children = (
				8C64D32920723B6F0049AD45 /* Font.swift */,
				8C64D32A20723B6F0049AD45 /* Color.swift */,
			);
			path = Extensions;
			sourceTree = "<group>";
		};
		8C64D33720723D610049AD45 /* PinterestLayout */ = {
			isa = PBXGroup;
			children = (
				8C64D33820723D610049AD45 /* PinterestStyleFlowLayoutSpec.swift */,
				8C64D33920723D610049AD45 /* PinterestFourElementsDelegateMock.swift */,
				8C64D33A20723D610049AD45 /* PinterestFlowDelegate.swift */,
			);
			path = PinterestLayout;
			sourceTree = "<group>";
		};
		8C64D33C20723D610049AD45 /* 500px */ = {
			isa = PBXGroup;
			children = (
				8C64D33D20723D610049AD45 /* 500pxFiveElementsDelegateMock.swift */,
				8C64D33E20723D610049AD45 /* 500pxLastPortraitDelegateMock.swift */,
				8C64D33F20723D610049AD45 /* 500pxStyleDelegateMock.swift */,
				8C64D34020723D610049AD45 /* 500pxStyleFlowLayoutSpec.swift */,
				8C64D34120723D610049AD45 /* 500pxCentralPortraitDelegateMock.swift */,
			);
			path = 500px;
			sourceTree = "<group>";
		};
		8C64D34220723D610049AD45 /* InstagramLayout */ = {
			isa = PBXGroup;
			children = (
				8C64D34320723D610049AD45 /* InstagramStyleLayoutSpec.swift */,
				8C64D34420723D610049AD45 /* InstagramStyleBaseDelegateMock.swift */,
			);
			path = InstagramLayout;
			sourceTree = "<group>";
		};
		8C64D34620723D610049AD45 /* TagsLayout */ = {
			isa = PBXGroup;
			children = (
				8C64D34720723D610049AD45 /* TagsFlowDelegate.swift */,
				8C64D34820723D610049AD45 /* TagsStyleFlowLayoutSpec.swift */,
			);
			path = TagsLayout;
			sourceTree = "<group>";
		};
/* End PBXGroup section */

/* Begin PBXNativeTarget section */
		607FACCF1AFB9204008FA782 /* collection-view-layouts_Example */ = {
			isa = PBXNativeTarget;
			buildConfigurationList = 607FACEF1AFB9204008FA782 /* Build configuration list for PBXNativeTarget "collection-view-layouts_Example" */;
			buildPhases = (
				E2B61D80DCD8EA76C6F95C49 /* [CP] Check Pods Manifest.lock */,
				607FACCC1AFB9204008FA782 /* Sources */,
				607FACCD1AFB9204008FA782 /* Frameworks */,
				607FACCE1AFB9204008FA782 /* Resources */,
				40EF733216AD30735D81D8CE /* [CP] Embed Pods Frameworks */,
				BF1988457AD2D6BE85CF5967 /* [CP] Copy Pods Resources */,
			);
			buildRules = (
			);
			dependencies = (
			);
			name = "collection-view-layouts_Example";
			productName = "collection-view-layouts";
			productReference = 607FACD01AFB9204008FA782 /* collection-view-layouts_Example.app */;
			productType = "com.apple.product-type.application";
		};
		607FACE41AFB9204008FA782 /* collection-view-layouts_Tests */ = {
			isa = PBXNativeTarget;
			buildConfigurationList = 607FACF21AFB9204008FA782 /* Build configuration list for PBXNativeTarget "collection-view-layouts_Tests" */;
			buildPhases = (
				61FC1CDEA2F0FC1C9170C855 /* [CP] Check Pods Manifest.lock */,
				607FACE11AFB9204008FA782 /* Sources */,
				607FACE21AFB9204008FA782 /* Frameworks */,
				607FACE31AFB9204008FA782 /* Resources */,
				04F75895C20E8206A3997745 /* [CP] Embed Pods Frameworks */,
				832E6440445B1FC031B527F9 /* [CP] Copy Pods Resources */,
			);
			buildRules = (
			);
			dependencies = (
				607FACE71AFB9204008FA782 /* PBXTargetDependency */,
			);
			name = "collection-view-layouts_Tests";
			productName = Tests;
			productReference = 607FACE51AFB9204008FA782 /* collection-view-layouts_Tests.xctest */;
			productType = "com.apple.product-type.bundle.unit-test";
		};
/* End PBXNativeTarget section */

/* Begin PBXProject section */
		607FACC81AFB9204008FA782 /* Project object */ = {
			isa = PBXProject;
			attributes = {
				LastSwiftUpdateCheck = 0830;
				LastUpgradeCheck = 0830;
				ORGANIZATIONNAME = CocoaPods;
				TargetAttributes = {
					607FACCF1AFB9204008FA782 = {
						CreatedOnToolsVersion = 6.3.1;
						LastSwiftMigration = 0900;
					};
					607FACE41AFB9204008FA782 = {
						CreatedOnToolsVersion = 6.3.1;
						LastSwiftMigration = 0900;
						TestTargetID = 607FACCF1AFB9204008FA782;
					};
				};
			};
			buildConfigurationList = 607FACCB1AFB9204008FA782 /* Build configuration list for PBXProject "collection-view-layouts" */;
			compatibilityVersion = "Xcode 3.2";
			developmentRegion = English;
			hasScannedForEncodings = 0;
			knownRegions = (
				en,
				Base,
			);
			mainGroup = 607FACC71AFB9204008FA782;
			productRefGroup = 607FACD11AFB9204008FA782 /* Products */;
			projectDirPath = "";
			projectRoot = "";
			targets = (
				607FACCF1AFB9204008FA782 /* collection-view-layouts_Example */,
				607FACE41AFB9204008FA782 /* collection-view-layouts_Tests */,
			);
		};
/* End PBXProject section */

/* Begin PBXResourcesBuildPhase section */
		607FACCE1AFB9204008FA782 /* Resources */ = {
			isa = PBXResourcesBuildPhase;
			buildActionMask = 2147483647;
			files = (
				607FACDB1AFB9204008FA782 /* Main.storyboard in Resources */,
				607FACE01AFB9204008FA782 /* LaunchScreen.xib in Resources */,
				607FACDD1AFB9204008FA782 /* Images.xcassets in Resources */,
			);
			runOnlyForDeploymentPostprocessing = 0;
		};
		607FACE31AFB9204008FA782 /* Resources */ = {
			isa = PBXResourcesBuildPhase;
			buildActionMask = 2147483647;
			files = (
			);
			runOnlyForDeploymentPostprocessing = 0;
		};
/* End PBXResourcesBuildPhase section */

/* Begin PBXShellScriptBuildPhase section */
		04F75895C20E8206A3997745 /* [CP] Embed Pods Frameworks */ = {
			isa = PBXShellScriptBuildPhase;
			buildActionMask = 2147483647;
			files = (
			);
			inputPaths = (
				"${SRCROOT}/Pods/Target Support Files/Pods-collection-view-layouts_Tests/Pods-collection-view-layouts_Tests-frameworks.sh",
				"${BUILT_PRODUCTS_DIR}/Fakery/Fakery.framework",
				"${BUILT_PRODUCTS_DIR}/Nimble/Nimble.framework",
				"${BUILT_PRODUCTS_DIR}/Quick/Quick.framework",
			);
			name = "[CP] Embed Pods Frameworks";
			outputPaths = (
				"${TARGET_BUILD_DIR}/${FRAMEWORKS_FOLDER_PATH}/Fakery.framework",
				"${TARGET_BUILD_DIR}/${FRAMEWORKS_FOLDER_PATH}/Nimble.framework",
				"${TARGET_BUILD_DIR}/${FRAMEWORKS_FOLDER_PATH}/Quick.framework",
			);
			runOnlyForDeploymentPostprocessing = 0;
			shellPath = /bin/sh;
			shellScript = "\"${SRCROOT}/Pods/Target Support Files/Pods-collection-view-layouts_Tests/Pods-collection-view-layouts_Tests-frameworks.sh\"\n";
			showEnvVarsInLog = 0;
		};
		40EF733216AD30735D81D8CE /* [CP] Embed Pods Frameworks */ = {
			isa = PBXShellScriptBuildPhase;
			buildActionMask = 2147483647;
			files = (
			);
			inputPaths = (
				"${SRCROOT}/Pods/Target Support Files/Pods-collection-view-layouts_Example/Pods-collection-view-layouts_Example-frameworks.sh",
				"${BUILT_PRODUCTS_DIR}/collection-view-layouts/collection_view_layouts.framework",
			);
			name = "[CP] Embed Pods Frameworks";
			outputPaths = (
				"${TARGET_BUILD_DIR}/${FRAMEWORKS_FOLDER_PATH}/collection_view_layouts.framework",
			);
			runOnlyForDeploymentPostprocessing = 0;
			shellPath = /bin/sh;
			shellScript = "\"${SRCROOT}/Pods/Target Support Files/Pods-collection-view-layouts_Example/Pods-collection-view-layouts_Example-frameworks.sh\"\n";
			showEnvVarsInLog = 0;
		};
		61FC1CDEA2F0FC1C9170C855 /* [CP] Check Pods Manifest.lock */ = {
			isa = PBXShellScriptBuildPhase;
			buildActionMask = 2147483647;
			files = (
			);
			inputPaths = (
				"${PODS_PODFILE_DIR_PATH}/Podfile.lock",
				"${PODS_ROOT}/Manifest.lock",
			);
			name = "[CP] Check Pods Manifest.lock";
			outputPaths = (
				"$(DERIVED_FILE_DIR)/Pods-collection-view-layouts_Tests-checkManifestLockResult.txt",
			);
			runOnlyForDeploymentPostprocessing = 0;
			shellPath = /bin/sh;
			shellScript = "diff \"${PODS_PODFILE_DIR_PATH}/Podfile.lock\" \"${PODS_ROOT}/Manifest.lock\" > /dev/null\nif [ $? != 0 ] ; then\n    # print error to STDERR\n    echo \"error: The sandbox is not in sync with the Podfile.lock. Run 'pod install' or update your CocoaPods installation.\" >&2\n    exit 1\nfi\n# This output is used by Xcode 'outputs' to avoid re-running this script phase.\necho \"SUCCESS\" > \"${SCRIPT_OUTPUT_FILE_0}\"\n";
			showEnvVarsInLog = 0;
		};
		832E6440445B1FC031B527F9 /* [CP] Copy Pods Resources */ = {
			isa = PBXShellScriptBuildPhase;
			buildActionMask = 2147483647;
			files = (
			);
			inputPaths = (
			);
			name = "[CP] Copy Pods Resources";
			outputPaths = (
			);
			runOnlyForDeploymentPostprocessing = 0;
			shellPath = /bin/sh;
			shellScript = "\"${SRCROOT}/Pods/Target Support Files/Pods-collection-view-layouts_Tests/Pods-collection-view-layouts_Tests-resources.sh\"\n";
			showEnvVarsInLog = 0;
		};
		BF1988457AD2D6BE85CF5967 /* [CP] Copy Pods Resources */ = {
			isa = PBXShellScriptBuildPhase;
			buildActionMask = 2147483647;
			files = (
			);
			inputPaths = (
			);
			name = "[CP] Copy Pods Resources";
			outputPaths = (
			);
			runOnlyForDeploymentPostprocessing = 0;
			shellPath = /bin/sh;
			shellScript = "\"${SRCROOT}/Pods/Target Support Files/Pods-collection-view-layouts_Example/Pods-collection-view-layouts_Example-resources.sh\"\n";
			showEnvVarsInLog = 0;
		};
		E2B61D80DCD8EA76C6F95C49 /* [CP] Check Pods Manifest.lock */ = {
			isa = PBXShellScriptBuildPhase;
			buildActionMask = 2147483647;
			files = (
			);
			inputPaths = (
				"${PODS_PODFILE_DIR_PATH}/Podfile.lock",
				"${PODS_ROOT}/Manifest.lock",
			);
			name = "[CP] Check Pods Manifest.lock";
			outputPaths = (
				"$(DERIVED_FILE_DIR)/Pods-collection-view-layouts_Example-checkManifestLockResult.txt",
			);
			runOnlyForDeploymentPostprocessing = 0;
			shellPath = /bin/sh;
			shellScript = "diff \"${PODS_PODFILE_DIR_PATH}/Podfile.lock\" \"${PODS_ROOT}/Manifest.lock\" > /dev/null\nif [ $? != 0 ] ; then\n    # print error to STDERR\n    echo \"error: The sandbox is not in sync with the Podfile.lock. Run 'pod install' or update your CocoaPods installation.\" >&2\n    exit 1\nfi\n# This output is used by Xcode 'outputs' to avoid re-running this script phase.\necho \"SUCCESS\" > \"${SCRIPT_OUTPUT_FILE_0}\"\n";
			showEnvVarsInLog = 0;
		};
/* End PBXShellScriptBuildPhase section */

/* Begin PBXSourcesBuildPhase section */
		607FACCC1AFB9204008FA782 /* Sources */ = {
			isa = PBXSourcesBuildPhase;
			buildActionMask = 2147483647;
			files = (
				8C64D33120723B6F0049AD45 /* PickerDelegate.swift in Sources */,
				8C64D32F20723B6F0049AD45 /* ContentProvider.swift in Sources */,
				8C64D33420723B6F0049AD45 /* Color.swift in Sources */,
				8C64D33320723B6F0049AD45 /* Font.swift in Sources */,
				8C64D32C20723B6F0049AD45 /* ContentDataSource.swift in Sources */,
				8C64D32B20723B6F0049AD45 /* ViewController.swift in Sources */,
				8C64D33220723B6F0049AD45 /* FlowLayoutTypes.swift in Sources */,
				8C64D32E20723B6F0049AD45 /* ContentCell.swift in Sources */,
				607FACD61AFB9204008FA782 /* AppDelegate.swift in Sources */,
				8C64D33020723B6F0049AD45 /* PickerDataSource.swift in Sources */,
				8C64D32D20723B6F0049AD45 /* CellSizeProvider.swift in Sources */,
			);
			runOnlyForDeploymentPostprocessing = 0;
		};
		607FACE11AFB9204008FA782 /* Sources */ = {
			isa = PBXSourcesBuildPhase;
			buildActionMask = 2147483647;
			files = (
				8C64D35220723D610049AD45 /* InstagramStyleLayoutSpec.swift in Sources */,
				8C64D35620723D610049AD45 /* TagsStyleFlowLayoutSpec.swift in Sources */,
				8C64D35020723D610049AD45 /* 500pxStyleFlowLayoutSpec.swift in Sources */,
				8C64D35A20723DF60049AD45 /* ContentCell.swift in Sources */,
				8C64D35B20723E090049AD45 /* Font.swift in Sources */,
				8C64D34C20723D610049AD45 /* ContentDynamicLayoutSpec.swift in Sources */,
				8C64D34F20723D610049AD45 /* 500pxStyleDelegateMock.swift in Sources */,
				8C64D35920723DE60049AD45 /* FlowLayoutTypes.swift in Sources */,
				8C64D34A20723D610049AD45 /* PinterestFourElementsDelegateMock.swift in Sources */,
				8C64D34D20723D610049AD45 /* 500pxFiveElementsDelegateMock.swift in Sources */,
				8C64D35720723DC80049AD45 /* CellSizeProvider.swift in Sources */,
				8C64D35820723DD20049AD45 /* ContentDataSource.swift in Sources */,
				8C64D34E20723D610049AD45 /* 500pxLastPortraitDelegateMock.swift in Sources */,
				8C64D35C20723E170049AD45 /* Color.swift in Sources */,
				8C64D35120723D610049AD45 /* 500pxCentralPortraitDelegateMock.swift in Sources */,
				8C64D34920723D610049AD45 /* PinterestStyleFlowLayoutSpec.swift in Sources */,
				8C64D35420723D610049AD45 /* MatcherExtension.swift in Sources */,
				8C64D35520723D610049AD45 /* TagsFlowDelegate.swift in Sources */,
				8C64D35320723D610049AD45 /* InstagramStyleBaseDelegateMock.swift in Sources */,
				8C64D34B20723D610049AD45 /* PinterestFlowDelegate.swift in Sources */,
			);
			runOnlyForDeploymentPostprocessing = 0;
		};
/* End PBXSourcesBuildPhase section */

/* Begin PBXTargetDependency section */
		607FACE71AFB9204008FA782 /* PBXTargetDependency */ = {
			isa = PBXTargetDependency;
			target = 607FACCF1AFB9204008FA782 /* collection-view-layouts_Example */;
			targetProxy = 607FACE61AFB9204008FA782 /* PBXContainerItemProxy */;
		};
/* End PBXTargetDependency section */

/* Begin PBXVariantGroup section */
		607FACD91AFB9204008FA782 /* Main.storyboard */ = {
			isa = PBXVariantGroup;
			children = (
				607FACDA1AFB9204008FA782 /* Base */,
			);
			name = Main.storyboard;
			sourceTree = "<group>";
		};
		607FACDE1AFB9204008FA782 /* LaunchScreen.xib */ = {
			isa = PBXVariantGroup;
			children = (
				607FACDF1AFB9204008FA782 /* Base */,
			);
			name = LaunchScreen.xib;
			sourceTree = "<group>";
		};
/* End PBXVariantGroup section */

/* Begin XCBuildConfiguration section */
		607FACED1AFB9204008FA782 /* Debug */ = {
			isa = XCBuildConfiguration;
			buildSettings = {
				ALWAYS_SEARCH_USER_PATHS = NO;
				CLANG_CXX_LANGUAGE_STANDARD = "gnu++0x";
				CLANG_CXX_LIBRARY = "libc++";
				CLANG_ENABLE_MODULES = YES;
				CLANG_ENABLE_OBJC_ARC = YES;
				CLANG_WARN_BLOCK_CAPTURE_AUTORELEASING = YES;
				CLANG_WARN_BOOL_CONVERSION = YES;
				CLANG_WARN_COMMA = YES;
				CLANG_WARN_CONSTANT_CONVERSION = YES;
				CLANG_WARN_DIRECT_OBJC_ISA_USAGE = YES_ERROR;
				CLANG_WARN_EMPTY_BODY = YES;
				CLANG_WARN_ENUM_CONVERSION = YES;
				CLANG_WARN_INFINITE_RECURSION = YES;
				CLANG_WARN_INT_CONVERSION = YES;
				CLANG_WARN_NON_LITERAL_NULL_CONVERSION = YES;
				CLANG_WARN_OBJC_LITERAL_CONVERSION = YES;
				CLANG_WARN_OBJC_ROOT_CLASS = YES_ERROR;
				CLANG_WARN_RANGE_LOOP_ANALYSIS = YES;
				CLANG_WARN_STRICT_PROTOTYPES = YES;
				CLANG_WARN_SUSPICIOUS_MOVE = YES;
				CLANG_WARN_UNREACHABLE_CODE = YES;
				CLANG_WARN__DUPLICATE_METHOD_MATCH = YES;
				"CODE_SIGN_IDENTITY[sdk=iphoneos*]" = "iPhone Developer";
				COPY_PHASE_STRIP = NO;
				DEBUG_INFORMATION_FORMAT = "dwarf-with-dsym";
				ENABLE_STRICT_OBJC_MSGSEND = YES;
				ENABLE_TESTABILITY = YES;
				GCC_C_LANGUAGE_STANDARD = gnu99;
				GCC_DYNAMIC_NO_PIC = NO;
				GCC_NO_COMMON_BLOCKS = YES;
				GCC_OPTIMIZATION_LEVEL = 0;
				GCC_PREPROCESSOR_DEFINITIONS = (
					"DEBUG=1",
					"$(inherited)",
				);
				GCC_SYMBOLS_PRIVATE_EXTERN = NO;
				GCC_WARN_64_TO_32_BIT_CONVERSION = YES;
				GCC_WARN_ABOUT_RETURN_TYPE = YES_ERROR;
				GCC_WARN_UNDECLARED_SELECTOR = YES;
				GCC_WARN_UNINITIALIZED_AUTOS = YES_AGGRESSIVE;
				GCC_WARN_UNUSED_FUNCTION = YES;
				GCC_WARN_UNUSED_VARIABLE = YES;
				IPHONEOS_DEPLOYMENT_TARGET = 9.3;
				MTL_ENABLE_DEBUG_INFO = YES;
				ONLY_ACTIVE_ARCH = YES;
				SDKROOT = iphoneos;
				SWIFT_OPTIMIZATION_LEVEL = "-Onone";
			};
			name = Debug;
		};
		607FACEE1AFB9204008FA782 /* Release */ = {
			isa = XCBuildConfiguration;
			buildSettings = {
				ALWAYS_SEARCH_USER_PATHS = NO;
				CLANG_CXX_LANGUAGE_STANDARD = "gnu++0x";
				CLANG_CXX_LIBRARY = "libc++";
				CLANG_ENABLE_MODULES = YES;
				CLANG_ENABLE_OBJC_ARC = YES;
				CLANG_WARN_BLOCK_CAPTURE_AUTORELEASING = YES;
				CLANG_WARN_BOOL_CONVERSION = YES;
				CLANG_WARN_COMMA = YES;
				CLANG_WARN_CONSTANT_CONVERSION = YES;
				CLANG_WARN_DIRECT_OBJC_ISA_USAGE = YES_ERROR;
				CLANG_WARN_EMPTY_BODY = YES;
				CLANG_WARN_ENUM_CONVERSION = YES;
				CLANG_WARN_INFINITE_RECURSION = YES;
				CLANG_WARN_INT_CONVERSION = YES;
				CLANG_WARN_NON_LITERAL_NULL_CONVERSION = YES;
				CLANG_WARN_OBJC_LITERAL_CONVERSION = YES;
				CLANG_WARN_OBJC_ROOT_CLASS = YES_ERROR;
				CLANG_WARN_RANGE_LOOP_ANALYSIS = YES;
				CLANG_WARN_STRICT_PROTOTYPES = YES;
				CLANG_WARN_SUSPICIOUS_MOVE = YES;
				CLANG_WARN_UNREACHABLE_CODE = YES;
				CLANG_WARN__DUPLICATE_METHOD_MATCH = YES;
				"CODE_SIGN_IDENTITY[sdk=iphoneos*]" = "iPhone Developer";
				COPY_PHASE_STRIP = NO;
				DEBUG_INFORMATION_FORMAT = "dwarf-with-dsym";
				ENABLE_NS_ASSERTIONS = NO;
				ENABLE_STRICT_OBJC_MSGSEND = YES;
				GCC_C_LANGUAGE_STANDARD = gnu99;
				GCC_NO_COMMON_BLOCKS = YES;
				GCC_WARN_64_TO_32_BIT_CONVERSION = YES;
				GCC_WARN_ABOUT_RETURN_TYPE = YES_ERROR;
				GCC_WARN_UNDECLARED_SELECTOR = YES;
				GCC_WARN_UNINITIALIZED_AUTOS = YES_AGGRESSIVE;
				GCC_WARN_UNUSED_FUNCTION = YES;
				GCC_WARN_UNUSED_VARIABLE = YES;
				IPHONEOS_DEPLOYMENT_TARGET = 9.3;
				MTL_ENABLE_DEBUG_INFO = NO;
				SDKROOT = iphoneos;
				SWIFT_OPTIMIZATION_LEVEL = "-Owholemodule";
				VALIDATE_PRODUCT = YES;
			};
			name = Release;
		};
		607FACF01AFB9204008FA782 /* Debug */ = {
			isa = XCBuildConfiguration;
			baseConfigurationReference = 9FD2DBD7F5118000B5A3F862 /* Pods-collection-view-layouts_Example.debug.xcconfig */;
			buildSettings = {
				ASSETCATALOG_COMPILER_APPICON_NAME = AppIcon;
				INFOPLIST_FILE = "collection-view-layouts/Info.plist";
				LD_RUNPATH_SEARCH_PATHS = "$(inherited) @executable_path/Frameworks";
				MODULE_NAME = ExampleApp;
				PRODUCT_BUNDLE_IDENTIFIER = "org.cocoapods.demo.$(PRODUCT_NAME:rfc1034identifier)";
				PRODUCT_NAME = "$(TARGET_NAME)";
				SWIFT_SWIFT3_OBJC_INFERENCE = Default;
				SWIFT_VERSION = 4.0;
			};
			name = Debug;
		};
		607FACF11AFB9204008FA782 /* Release */ = {
			isa = XCBuildConfiguration;
			baseConfigurationReference = A86FAB7C4186882E81D7004E /* Pods-collection-view-layouts_Example.release.xcconfig */;
			buildSettings = {
				ASSETCATALOG_COMPILER_APPICON_NAME = AppIcon;
				INFOPLIST_FILE = "collection-view-layouts/Info.plist";
				LD_RUNPATH_SEARCH_PATHS = "$(inherited) @executable_path/Frameworks";
				MODULE_NAME = ExampleApp;
				PRODUCT_BUNDLE_IDENTIFIER = "org.cocoapods.demo.$(PRODUCT_NAME:rfc1034identifier)";
				PRODUCT_NAME = "$(TARGET_NAME)";
				SWIFT_SWIFT3_OBJC_INFERENCE = Default;
				SWIFT_VERSION = 4.0;
			};
			name = Release;
		};
		607FACF31AFB9204008FA782 /* Debug */ = {
			isa = XCBuildConfiguration;
			baseConfigurationReference = E7758B05D5F8B789E355F596 /* Pods-collection-view-layouts_Tests.debug.xcconfig */;
			buildSettings = {
				FRAMEWORK_SEARCH_PATHS = (
					"$(SDKROOT)/Developer/Library/Frameworks",
					"$(inherited)",
				);
				GCC_PREPROCESSOR_DEFINITIONS = (
					"DEBUG=1",
					"$(inherited)",
				);
				INFOPLIST_FILE = Tests/Info.plist;
				LD_RUNPATH_SEARCH_PATHS = "$(inherited) @executable_path/Frameworks @loader_path/Frameworks";
				PRODUCT_BUNDLE_IDENTIFIER = "org.cocoapods.$(PRODUCT_NAME:rfc1034identifier)";
				PRODUCT_NAME = "$(TARGET_NAME)";
				SWIFT_SWIFT3_OBJC_INFERENCE = Default;
				SWIFT_VERSION = 4.0;
				TEST_HOST = "$(BUILT_PRODUCTS_DIR)/collection-view-layouts_Example.app/collection-view-layouts_Example";
			};
			name = Debug;
		};
		607FACF41AFB9204008FA782 /* Release */ = {
			isa = XCBuildConfiguration;
			baseConfigurationReference = 2590D01A5FC7198447B9AE48 /* Pods-collection-view-layouts_Tests.release.xcconfig */;
			buildSettings = {
				FRAMEWORK_SEARCH_PATHS = (
					"$(SDKROOT)/Developer/Library/Frameworks",
					"$(inherited)",
				);
				INFOPLIST_FILE = Tests/Info.plist;
				LD_RUNPATH_SEARCH_PATHS = "$(inherited) @executable_path/Frameworks @loader_path/Frameworks";
				PRODUCT_BUNDLE_IDENTIFIER = "org.cocoapods.$(PRODUCT_NAME:rfc1034identifier)";
				PRODUCT_NAME = "$(TARGET_NAME)";
				SWIFT_SWIFT3_OBJC_INFERENCE = Default;
				SWIFT_VERSION = 4.0;
				TEST_HOST = "$(BUILT_PRODUCTS_DIR)/collection-view-layouts_Example.app/collection-view-layouts_Example";
			};
			name = Release;
		};
/* End XCBuildConfiguration section */

/* Begin XCConfigurationList section */
		607FACCB1AFB9204008FA782 /* Build configuration list for PBXProject "collection-view-layouts" */ = {
			isa = XCConfigurationList;
			buildConfigurations = (
				607FACED1AFB9204008FA782 /* Debug */,
				607FACEE1AFB9204008FA782 /* Release */,
			);
			defaultConfigurationIsVisible = 0;
			defaultConfigurationName = Release;
		};
		607FACEF1AFB9204008FA782 /* Build configuration list for PBXNativeTarget "collection-view-layouts_Example" */ = {
			isa = XCConfigurationList;
			buildConfigurations = (
				607FACF01AFB9204008FA782 /* Debug */,
				607FACF11AFB9204008FA782 /* Release */,
			);
			defaultConfigurationIsVisible = 0;
			defaultConfigurationName = Release;
		};
		607FACF21AFB9204008FA782 /* Build configuration list for PBXNativeTarget "collection-view-layouts_Tests" */ = {
			isa = XCConfigurationList;
			buildConfigurations = (
				607FACF31AFB9204008FA782 /* Debug */,
				607FACF41AFB9204008FA782 /* Release */,
			);
			defaultConfigurationIsVisible = 0;
			defaultConfigurationName = Release;
		};
/* End XCConfigurationList section */
	};
	rootObject = 607FACC81AFB9204008FA782 /* Project object */;
}
